
Microsoft Visual Studio Solution File, Format Version 12.00
# Visual Studio Version 17
VisualStudioVersion = 17.8.34322.80
MinimumVisualStudioVersion = 10.0.40219.1
Project("{8BC9CEB8-8B4A-11D0-8D11-00A0C91BC942}") = "Lab10_1", "Lab10_1\Lab10_1.vcxproj", "{59081097-E141-45FE-9B55-588713368567}"
EndProject
Project("{8BC9CEB8-8B4A-11D0-8D11-00A0C91BC942}") = "Lab10_2", "Lab10_2\Lab10_2.vcxproj", "{96F5F88C-4F50-4008-8FEF-1C6CBD8786E4}"
EndProject
Project("{8BC9CEB8-8B4A-11D0-8D11-00A0C91BC942}") = "Lab10_3", "Lab10_3\Lab10_3.vcxproj", "{23F9E5E8-BB5F-4BE2-8034-96D494EFA53E}"
EndProject
Project("{8BC9CEB8-8B4A-11D0-8D11-00A0C91BC942}") = "Lab10_4", "Lab10_4\Lab10_4.vcxproj", "{CB27E825-324F-48E1-A9D6-F727050DF266}"
EndProject
Global
	GlobalSection(SolutionConfigurationPlatforms) = preSolution
		Debug|x64 = Debug|x64
		Debug|x86 = Debug|x86
		Release|x64 = Release|x64
		Release|x86 = Release|x86
	EndGlobalSection
	GlobalSection(ProjectConfigurationPlatforms) = postSolution
		{59081097-E141-45FE-9B55-588713368567}.Debug|x64.ActiveCfg = Debug|x64
		{59081097-E141-45FE-9B55-588713368567}.Debug|x64.Build.0 = Debug|x64
		{59081097-E141-45FE-9B55-588713368567}.Debug|x86.ActiveCfg = Debug|Win32
		{59081097-E141-45FE-9B55-588713368567}.Debug|x86.Build.0 = Debug|Win32
		{59081097-E141-45FE-9B55-588713368567}.Release|x64.ActiveCfg = Release|x64
		{59081097-E141-45FE-9B55-588713368567}.Release|x64.Build.0 = Release|x64
		{59081097-E141-45FE-9B55-588713368567}.Release|x86.ActiveCfg = Release|Win32
		{59081097-E141-45FE-9B55-588713368567}.Release|x86.Build.0 = Release|Win32
		{96F5F88C-4F50-4008-8FEF-1C6CBD8786E4}.Debug|x64.ActiveCfg = Debug|x64
		{96F5F88C-4F50-4008-8FEF-1C6CBD8786E4}.Debug|x64.Build.0 = Debug|x64
		{96F5F88C-4F50-4008-8FEF-1C6CBD8786E4}.Debug|x86.ActiveCfg = Debug|Win32
		{96F5F88C-4F50-4008-8FEF-1C6CBD8786E4}.Debug|x86.Build.0 = Debug|Win32
		{96F5F88C-4F50-4008-8FEF-1C6CBD8786E4}.Release|x64.ActiveCfg = Release|x64
		{96F5F88C-4F50-4008-8FEF-1C6CBD8786E4}.Release|x64.Build.0 = Release|x64
		{96F5F88C-4F50-4008-8FEF-1C6CBD8786E4}.Release|x86.ActiveCfg = Release|Win32
		{96F5F88C-4F50-4008-8FEF-1C6CBD8786E4}.Release|x86.Build.0 = Release|Win32
		{23F9E5E8-BB5F-4BE2-8034-96D494EFA53E}.Debug|x64.ActiveCfg = Debug|x64
		{23F9E5E8-BB5F-4BE2-8034-96D494EFA53E}.Debug|x64.Build.0 = Debug|x64
		{23F9E5E8-BB5F-4BE2-8034-96D494EFA53E}.Debug|x86.ActiveCfg = Debug|Win32
		{23F9E5E8-BB5F-4BE2-8034-96D494EFA53E}.Debug|x86.Build.0 = Debug|Win32
		{23F9E5E8-BB5F-4BE2-8034-96D494EFA53E}.Release|x64.ActiveCfg = Release|x64
		{23F9E5E8-BB5F-4BE2-8034-96D494EFA53E}.Release|x64.Build.0 = Release|x64
		{23F9E5E8-BB5F-4BE2-8034-96D494EFA53E}.Release|x86.ActiveCfg = Release|Win32
		{23F9E5E8-BB5F-4BE2-8034-96D494EFA53E}.Release|x86.Build.0 = Release|Win32
		{CB27E825-324F-48E1-A9D6-F727050DF266}.Debug|x64.ActiveCfg = Debug|x64
		{CB27E825-324F-48E1-A9D6-F727050DF266}.Debug|x64.Build.0 = Debug|x64
		{CB27E825-324F-48E1-A9D6-F727050DF266}.Debug|x86.ActiveCfg = Debug|Win32
		{CB27E825-324F-48E1-A9D6-F727050DF266}.Debug|x86.Build.0 = Debug|Win32
		{CB27E825-324F-48E1-A9D6-F727050DF266}.Release|x64.ActiveCfg = Release|x64
		{CB27E825-324F-48E1-A9D6-F727050DF266}.Release|x64.Build.0 = Release|x64
		{CB27E825-324F-48E1-A9D6-F727050DF266}.Release|x86.ActiveCfg = Release|Win32
		{CB27E825-324F-48E1-A9D6-F727050DF266}.Release|x86.Build.0 = Release|Win32
	EndGlobalSection
	GlobalSection(SolutionProperties) = preSolution
		HideSolutionNode = FALSE
	EndGlobalSection
	GlobalSection(ExtensibilityGlobals) = postSolution
		SolutionGuid = {A7DA0948-D9B9-4174-95DE-4559B3EA6BC6}
	EndGlobalSection
EndGlobal
